
Microsoft Visual Studio Solution File, Format Version 12.00
# Visual Studio 15
VisualStudioVersion = 15.0.26403.7
MinimumVisualStudioVersion = 10.0.40219.1
Project("{8BC9CEB8-8B4A-11D0-8D11-00A0C91BC942}") = "2048(WinAPI)", "2048(WinAPI)\2048(WinAPI).vcxproj", "{A7C477DE-DF1E-4B98-90A2-86EAA56F02EA}"
EndProject
Global
	GlobalSection(SolutionConfigurationPlatforms) = preSolution
		Debug|x64 = Debug|x64
		Debug|x86 = Debug|x86
		Release|x64 = Release|x64
		Release|x86 = Release|x86
	EndGlobalSection
	GlobalSection(ProjectConfigurationPlatforms) = postSolution
		{A7C477DE-DF1E-4B98-90A2-86EAA56F02EA}.Debug|x64.ActiveCfg = Debug|x64
		{A7C477DE-DF1E-4B98-90A2-86EAA56F02EA}.Debug|x64.Build.0 = Debug|x64
		{A7C477DE-DF1E-4B98-90A2-86EAA56F02EA}.Debug|x86.ActiveCfg = Debug|Win32
		{A7C477DE-DF1E-4B98-90A2-86EAA56F02EA}.Debug|x86.Build.0 = Debug|Win32
		{A7C477DE-DF1E-4B98-90A2-86EAA56F02EA}.Release|x64.ActiveCfg = Release|x64
		{A7C477DE-DF1E-4B98-90A2-86EAA56F02EA}.Release|x64.Build.0 = Release|x64
		{A7C477DE-DF1E-4B98-90A2-86EAA56F02EA}.Release|x86.ActiveCfg = Release|Win32
		{A7C477DE-DF1E-4B98-90A2-86EAA56F02EA}.Release|x86.Build.0 = Release|Win32
	EndGlobalSection
	GlobalSection(SolutionProperties) = preSolution
		HideSolutionNode = FALSE
	EndGlobalSection
EndGlobal
